
Microsoft Visual Studio Solution File, Format Version 12.00
# Visual Studio 15
VisualStudioVersion = 15.0.27130.2003
MinimumVisualStudioVersion = 10.0.40219.1
Project("{FAE04EC0-301F-11D3-BF4B-00C04F79EFBC}") = "AM", "AM\AM.csproj", "{797FDCD4-528C-4BE4-AB4E-B4CBD02DCCD8}"
EndProject
Global
	GlobalSection(SolutionConfigurationPlatforms) = preSolution
		Debug|Any CPU = Debug|Any CPU
		Release|Any CPU = Release|Any CPU
	EndGlobalSection
	GlobalSection(ProjectConfigurationPlatforms) = postSolution
		{797FDCD4-528C-4BE4-AB4E-B4CBD02DCCD8}.Debug|Any CPU.ActiveCfg = Debug|Any CPU
		{797FDCD4-528C-4BE4-AB4E-B4CBD02DCCD8}.Debug|Any CPU.Build.0 = Debug|Any CPU
		{797FDCD4-528C-4BE4-AB4E-B4CBD02DCCD8}.Release|Any CPU.ActiveCfg = Release|Any CPU
		{797FDCD4-528C-4BE4-AB4E-B4CBD02DCCD8}.Release|Any CPU.Build.0 = Release|Any CPU
	EndGlobalSection
	GlobalSection(SolutionProperties) = preSolution
		HideSolutionNode = FALSE
	EndGlobalSection
	GlobalSection(ExtensibilityGlobals) = postSolution
		SolutionGuid = {54DE61E5-84E1-448E-9E6A-C210AB8B9F24}
	EndGlobalSection
EndGlobal
