
Microsoft Visual Studio Solution File, Format Version 12.00
# Visual Studio 15
VisualStudioVersion = 15.0.27130.2003
MinimumVisualStudioVersion = 10.0.40219.1
Project("{FAE04EC0-301F-11D3-BF4B-00C04F79EFBC}") = "Kamino factory", "Kamino factory\Kamino factory.csproj", "{CC096544-8F29-4406-B701-B480CB1CC9E3}"
EndProject
Global
	GlobalSection(SolutionConfigurationPlatforms) = preSolution
		Debug|Any CPU = Debug|Any CPU
		Release|Any CPU = Release|Any CPU
	EndGlobalSection
	GlobalSection(ProjectConfigurationPlatforms) = postSolution
		{CC096544-8F29-4406-B701-B480CB1CC9E3}.Debug|Any CPU.ActiveCfg = Debug|Any CPU
		{CC096544-8F29-4406-B701-B480CB1CC9E3}.Debug|Any CPU.Build.0 = Debug|Any CPU
		{CC096544-8F29-4406-B701-B480CB1CC9E3}.Release|Any CPU.ActiveCfg = Release|Any CPU
		{CC096544-8F29-4406-B701-B480CB1CC9E3}.Release|Any CPU.Build.0 = Release|Any CPU
	EndGlobalSection
	GlobalSection(SolutionProperties) = preSolution
		HideSolutionNode = FALSE
	EndGlobalSection
	GlobalSection(ExtensibilityGlobals) = postSolution
		SolutionGuid = {5C480A91-4F40-41D2-A523-07709DFC442D}
	EndGlobalSection
EndGlobal
