
Microsoft Visual Studio Solution File, Format Version 12.00
# Visual Studio 15
VisualStudioVersion = 15.0.28010.2050
MinimumVisualStudioVersion = 10.0.40219.1
Project("{FAE04EC0-301F-11D3-BF4B-00C04F79EFBC}") = "Letters Change Numbers", "Letters Change Numbers\Letters Change Numbers.csproj", "{7EF9E26E-89FB-46C0-A25E-517D1BD9B561}"
EndProject
Global
	GlobalSection(SolutionConfigurationPlatforms) = preSolution
		Debug|Any CPU = Debug|Any CPU
		Release|Any CPU = Release|Any CPU
	EndGlobalSection
	GlobalSection(ProjectConfigurationPlatforms) = postSolution
		{7EF9E26E-89FB-46C0-A25E-517D1BD9B561}.Debug|Any CPU.ActiveCfg = Debug|Any CPU
		{7EF9E26E-89FB-46C0-A25E-517D1BD9B561}.Debug|Any CPU.Build.0 = Debug|Any CPU
		{7EF9E26E-89FB-46C0-A25E-517D1BD9B561}.Release|Any CPU.ActiveCfg = Release|Any CPU
		{7EF9E26E-89FB-46C0-A25E-517D1BD9B561}.Release|Any CPU.Build.0 = Release|Any CPU
	EndGlobalSection
	GlobalSection(SolutionProperties) = preSolution
		HideSolutionNode = FALSE
	EndGlobalSection
	GlobalSection(ExtensibilityGlobals) = postSolution
		SolutionGuid = {C1BEB97B-6689-4B0D-9245-18BA218B7156}
	EndGlobalSection
EndGlobal
