
Microsoft Visual Studio Solution File, Format Version 12.00
# Visual Studio 15
VisualStudioVersion = 15.0.27130.2003
MinimumVisualStudioVersion = 10.0.40219.1
Project("{FAE04EC0-301F-11D3-BF4B-00C04F79EFBC}") = "Lower or upper", "Lower or upper\Lower or upper.csproj", "{C332751C-DC37-4DDC-B8C5-44650F205CC8}"
EndProject
Global
	GlobalSection(SolutionConfigurationPlatforms) = preSolution
		Debug|Any CPU = Debug|Any CPU
		Release|Any CPU = Release|Any CPU
	EndGlobalSection
	GlobalSection(ProjectConfigurationPlatforms) = postSolution
		{C332751C-DC37-4DDC-B8C5-44650F205CC8}.Debug|Any CPU.ActiveCfg = Debug|Any CPU
		{C332751C-DC37-4DDC-B8C5-44650F205CC8}.Debug|Any CPU.Build.0 = Debug|Any CPU
		{C332751C-DC37-4DDC-B8C5-44650F205CC8}.Release|Any CPU.ActiveCfg = Release|Any CPU
		{C332751C-DC37-4DDC-B8C5-44650F205CC8}.Release|Any CPU.Build.0 = Release|Any CPU
	EndGlobalSection
	GlobalSection(SolutionProperties) = preSolution
		HideSolutionNode = FALSE
	EndGlobalSection
	GlobalSection(ExtensibilityGlobals) = postSolution
		SolutionGuid = {E44E5D5A-9883-4594-98B9-DB1C0DD0B296}
	EndGlobalSection
EndGlobal
