
Microsoft Visual Studio Solution File, Format Version 12.00
# Visual Studio 15
VisualStudioVersion = 15.0.27130.2003
MinimumVisualStudioVersion = 10.0.40219.1
Project("{FAE04EC0-301F-11D3-BF4B-00C04F79EFBC}") = "Bread Factory", "Bread Factory\Bread Factory.csproj", "{440E3C40-41C3-40B2-9743-75DCC40F6FBF}"
EndProject
Global
	GlobalSection(SolutionConfigurationPlatforms) = preSolution
		Debug|Any CPU = Debug|Any CPU
		Release|Any CPU = Release|Any CPU
	EndGlobalSection
	GlobalSection(ProjectConfigurationPlatforms) = postSolution
		{440E3C40-41C3-40B2-9743-75DCC40F6FBF}.Debug|Any CPU.ActiveCfg = Debug|Any CPU
		{440E3C40-41C3-40B2-9743-75DCC40F6FBF}.Debug|Any CPU.Build.0 = Debug|Any CPU
		{440E3C40-41C3-40B2-9743-75DCC40F6FBF}.Release|Any CPU.ActiveCfg = Release|Any CPU
		{440E3C40-41C3-40B2-9743-75DCC40F6FBF}.Release|Any CPU.Build.0 = Release|Any CPU
	EndGlobalSection
	GlobalSection(SolutionProperties) = preSolution
		HideSolutionNode = FALSE
	EndGlobalSection
	GlobalSection(ExtensibilityGlobals) = postSolution
		SolutionGuid = {52AAB86F-EF3A-4D79-A492-253BF4727D1E}
	EndGlobalSection
EndGlobal
