
Microsoft Visual Studio Solution File, Format Version 12.00
# Visual Studio 15
VisualStudioVersion = 15.0.27130.2003
MinimumVisualStudioVersion = 10.0.40219.1
Project("{FAE04EC0-301F-11D3-BF4B-00C04F79EFBC}") = "Party Profit", "Party Profit\Party Profit.csproj", "{440A0C90-FBDC-40C7-84F6-4D4A44186981}"
EndProject
Global
	GlobalSection(SolutionConfigurationPlatforms) = preSolution
		Debug|Any CPU = Debug|Any CPU
		Release|Any CPU = Release|Any CPU
	EndGlobalSection
	GlobalSection(ProjectConfigurationPlatforms) = postSolution
		{440A0C90-FBDC-40C7-84F6-4D4A44186981}.Debug|Any CPU.ActiveCfg = Debug|Any CPU
		{440A0C90-FBDC-40C7-84F6-4D4A44186981}.Debug|Any CPU.Build.0 = Debug|Any CPU
		{440A0C90-FBDC-40C7-84F6-4D4A44186981}.Release|Any CPU.ActiveCfg = Release|Any CPU
		{440A0C90-FBDC-40C7-84F6-4D4A44186981}.Release|Any CPU.Build.0 = Release|Any CPU
	EndGlobalSection
	GlobalSection(SolutionProperties) = preSolution
		HideSolutionNode = FALSE
	EndGlobalSection
	GlobalSection(ExtensibilityGlobals) = postSolution
		SolutionGuid = {C03CC785-0CD5-46BD-B2C1-C623B6B848B3}
	EndGlobalSection
EndGlobal
