
Microsoft Visual Studio Solution File, Format Version 12.00
# Visual Studio 15
VisualStudioVersion = 15.0.27130.2003
MinimumVisualStudioVersion = 10.0.40219.1
Project("{FAE04EC0-301F-11D3-BF4B-00C04F79EFBC}") = "Elevator", "Elevator\Elevator.csproj", "{0D302FBA-7BDF-4BE9-9630-12018475CD60}"
EndProject
Global
	GlobalSection(SolutionConfigurationPlatforms) = preSolution
		Debug|Any CPU = Debug|Any CPU
		Release|Any CPU = Release|Any CPU
	EndGlobalSection
	GlobalSection(ProjectConfigurationPlatforms) = postSolution
		{0D302FBA-7BDF-4BE9-9630-12018475CD60}.Debug|Any CPU.ActiveCfg = Debug|Any CPU
		{0D302FBA-7BDF-4BE9-9630-12018475CD60}.Debug|Any CPU.Build.0 = Debug|Any CPU
		{0D302FBA-7BDF-4BE9-9630-12018475CD60}.Release|Any CPU.ActiveCfg = Release|Any CPU
		{0D302FBA-7BDF-4BE9-9630-12018475CD60}.Release|Any CPU.Build.0 = Release|Any CPU
	EndGlobalSection
	GlobalSection(SolutionProperties) = preSolution
		HideSolutionNode = FALSE
	EndGlobalSection
	GlobalSection(ExtensibilityGlobals) = postSolution
		SolutionGuid = {82057500-E550-466E-962C-DC9FCF31F12F}
	EndGlobalSection
EndGlobal
