
Microsoft Visual Studio Solution File, Format Version 12.00
# Visual Studio 15
VisualStudioVersion = 15.0.27130.2003
MinimumVisualStudioVersion = 10.0.40219.1
Project("{FAE04EC0-301F-11D3-BF4B-00C04F79EFBC}") = "Gauss trick", "Gauss trick\Gauss trick.csproj", "{635255FE-3CFC-4AE9-AA32-A6B9F09C56BD}"
EndProject
Global
	GlobalSection(SolutionConfigurationPlatforms) = preSolution
		Debug|Any CPU = Debug|Any CPU
		Release|Any CPU = Release|Any CPU
	EndGlobalSection
	GlobalSection(ProjectConfigurationPlatforms) = postSolution
		{635255FE-3CFC-4AE9-AA32-A6B9F09C56BD}.Debug|Any CPU.ActiveCfg = Debug|Any CPU
		{635255FE-3CFC-4AE9-AA32-A6B9F09C56BD}.Debug|Any CPU.Build.0 = Debug|Any CPU
		{635255FE-3CFC-4AE9-AA32-A6B9F09C56BD}.Release|Any CPU.ActiveCfg = Release|Any CPU
		{635255FE-3CFC-4AE9-AA32-A6B9F09C56BD}.Release|Any CPU.Build.0 = Release|Any CPU
	EndGlobalSection
	GlobalSection(SolutionProperties) = preSolution
		HideSolutionNode = FALSE
	EndGlobalSection
	GlobalSection(ExtensibilityGlobals) = postSolution
		SolutionGuid = {6535B48D-29C1-41E6-ACA6-82708DFC3F88}
	EndGlobalSection
EndGlobal
