
Microsoft Visual Studio Solution File, Format Version 12.00
# Visual Studio 15
VisualStudioVersion = 15.0.27130.2003
MinimumVisualStudioVersion = 10.0.40219.1
Project("{FAE04EC0-301F-11D3-BF4B-00C04F79EFBC}") = "Reversed array of strings", "Reversed array of strings\Reversed array of strings.csproj", "{A1108CA5-7119-4580-9BD6-766C2E27C645}"
EndProject
Global
	GlobalSection(SolutionConfigurationPlatforms) = preSolution
		Debug|Any CPU = Debug|Any CPU
		Release|Any CPU = Release|Any CPU
	EndGlobalSection
	GlobalSection(ProjectConfigurationPlatforms) = postSolution
		{A1108CA5-7119-4580-9BD6-766C2E27C645}.Debug|Any CPU.ActiveCfg = Debug|Any CPU
		{A1108CA5-7119-4580-9BD6-766C2E27C645}.Debug|Any CPU.Build.0 = Debug|Any CPU
		{A1108CA5-7119-4580-9BD6-766C2E27C645}.Release|Any CPU.ActiveCfg = Release|Any CPU
		{A1108CA5-7119-4580-9BD6-766C2E27C645}.Release|Any CPU.Build.0 = Release|Any CPU
	EndGlobalSection
	GlobalSection(SolutionProperties) = preSolution
		HideSolutionNode = FALSE
	EndGlobalSection
	GlobalSection(ExtensibilityGlobals) = postSolution
		SolutionGuid = {0E91A788-1AE1-4577-8968-CB7495159502}
	EndGlobalSection
EndGlobal
