
Microsoft Visual Studio Solution File, Format Version 12.00
# Visual Studio 15
VisualStudioVersion = 15.0.27130.2003
MinimumVisualStudioVersion = 10.0.40219.1
Project("{FAE04EC0-301F-11D3-BF4B-00C04F79EFBC}") = "Student Academy", "Student Academy\Student Academy.csproj", "{DA1FD413-EB5E-43CA-A4C1-56E6F7151425}"
EndProject
Global
	GlobalSection(SolutionConfigurationPlatforms) = preSolution
		Debug|Any CPU = Debug|Any CPU
		Release|Any CPU = Release|Any CPU
	EndGlobalSection
	GlobalSection(ProjectConfigurationPlatforms) = postSolution
		{DA1FD413-EB5E-43CA-A4C1-56E6F7151425}.Debug|Any CPU.ActiveCfg = Debug|Any CPU
		{DA1FD413-EB5E-43CA-A4C1-56E6F7151425}.Debug|Any CPU.Build.0 = Debug|Any CPU
		{DA1FD413-EB5E-43CA-A4C1-56E6F7151425}.Release|Any CPU.ActiveCfg = Release|Any CPU
		{DA1FD413-EB5E-43CA-A4C1-56E6F7151425}.Release|Any CPU.Build.0 = Release|Any CPU
	EndGlobalSection
	GlobalSection(SolutionProperties) = preSolution
		HideSolutionNode = FALSE
	EndGlobalSection
	GlobalSection(ExtensibilityGlobals) = postSolution
		SolutionGuid = {4608D761-D138-4018-BB48-155679AC54DA}
	EndGlobalSection
EndGlobal
