
Microsoft Visual Studio Solution File, Format Version 12.00
# Visual Studio 15
VisualStudioVersion = 15.0.27130.2003
MinimumVisualStudioVersion = 10.0.40219.1
Project("{FAE04EC0-301F-11D3-BF4B-00C04F79EFBC}") = "Articles", "Articles\Articles.csproj", "{BDECEF2F-FA81-4276-929F-8C0F430D9733}"
EndProject
Global
	GlobalSection(SolutionConfigurationPlatforms) = preSolution
		Debug|Any CPU = Debug|Any CPU
		Release|Any CPU = Release|Any CPU
	EndGlobalSection
	GlobalSection(ProjectConfigurationPlatforms) = postSolution
		{BDECEF2F-FA81-4276-929F-8C0F430D9733}.Debug|Any CPU.ActiveCfg = Debug|Any CPU
		{BDECEF2F-FA81-4276-929F-8C0F430D9733}.Debug|Any CPU.Build.0 = Debug|Any CPU
		{BDECEF2F-FA81-4276-929F-8C0F430D9733}.Release|Any CPU.ActiveCfg = Release|Any CPU
		{BDECEF2F-FA81-4276-929F-8C0F430D9733}.Release|Any CPU.Build.0 = Release|Any CPU
	EndGlobalSection
	GlobalSection(SolutionProperties) = preSolution
		HideSolutionNode = FALSE
	EndGlobalSection
	GlobalSection(ExtensibilityGlobals) = postSolution
		SolutionGuid = {3E1747AA-02CC-450A-AD3D-6C75B071C78B}
	EndGlobalSection
EndGlobal
