
Microsoft Visual Studio Solution File, Format Version 12.00
# Visual Studio 15
VisualStudioVersion = 15.0.27130.2003
MinimumVisualStudioVersion = 10.0.40219.1
Project("{FAE04EC0-301F-11D3-BF4B-00C04F79EFBC}") = "Strong Number", "Strong Number\Strong Number.csproj", "{11A572A6-1030-4BCC-AD99-FB987B3102C0}"
EndProject
Global
	GlobalSection(SolutionConfigurationPlatforms) = preSolution
		Debug|Any CPU = Debug|Any CPU
		Release|Any CPU = Release|Any CPU
	EndGlobalSection
	GlobalSection(ProjectConfigurationPlatforms) = postSolution
		{11A572A6-1030-4BCC-AD99-FB987B3102C0}.Debug|Any CPU.ActiveCfg = Debug|Any CPU
		{11A572A6-1030-4BCC-AD99-FB987B3102C0}.Debug|Any CPU.Build.0 = Debug|Any CPU
		{11A572A6-1030-4BCC-AD99-FB987B3102C0}.Release|Any CPU.ActiveCfg = Release|Any CPU
		{11A572A6-1030-4BCC-AD99-FB987B3102C0}.Release|Any CPU.Build.0 = Release|Any CPU
	EndGlobalSection
	GlobalSection(SolutionProperties) = preSolution
		HideSolutionNode = FALSE
	EndGlobalSection
	GlobalSection(ExtensibilityGlobals) = postSolution
		SolutionGuid = {7F7D53DD-755A-46EC-B2A2-F68C787E067C}
	EndGlobalSection
EndGlobal
