
Microsoft Visual Studio Solution File, Format Version 12.00
# Visual Studio 15
VisualStudioVersion = 15.0.27130.2003
MinimumVisualStudioVersion = 10.0.40219.1
Project("{FAE04EC0-301F-11D3-BF4B-00C04F79EFBC}") = "Smallest of three numbers", "Smallest of three numbers\Smallest of three numbers.csproj", "{8F9F30B8-E6D6-4B3A-B025-C157E05C6510}"
EndProject
Global
	GlobalSection(SolutionConfigurationPlatforms) = preSolution
		Debug|Any CPU = Debug|Any CPU
		Release|Any CPU = Release|Any CPU
	EndGlobalSection
	GlobalSection(ProjectConfigurationPlatforms) = postSolution
		{8F9F30B8-E6D6-4B3A-B025-C157E05C6510}.Debug|Any CPU.ActiveCfg = Debug|Any CPU
		{8F9F30B8-E6D6-4B3A-B025-C157E05C6510}.Debug|Any CPU.Build.0 = Debug|Any CPU
		{8F9F30B8-E6D6-4B3A-B025-C157E05C6510}.Release|Any CPU.ActiveCfg = Release|Any CPU
		{8F9F30B8-E6D6-4B3A-B025-C157E05C6510}.Release|Any CPU.Build.0 = Release|Any CPU
	EndGlobalSection
	GlobalSection(SolutionProperties) = preSolution
		HideSolutionNode = FALSE
	EndGlobalSection
	GlobalSection(ExtensibilityGlobals) = postSolution
		SolutionGuid = {D8175E55-825B-475E-9868-B99D5D4191B7}
	EndGlobalSection
EndGlobal
