
Microsoft Visual Studio Solution File, Format Version 12.00
# Visual Studio 15
VisualStudioVersion = 15.0.27130.2003
MinimumVisualStudioVersion = 10.0.40219.1
Project("{FAE04EC0-301F-11D3-BF4B-00C04F79EFBC}") = "Snow White", "Snow White\Snow White.csproj", "{8FD03ADA-B85C-479C-BAA6-98FE12479D67}"
EndProject
Global
	GlobalSection(SolutionConfigurationPlatforms) = preSolution
		Debug|Any CPU = Debug|Any CPU
		Release|Any CPU = Release|Any CPU
	EndGlobalSection
	GlobalSection(ProjectConfigurationPlatforms) = postSolution
		{8FD03ADA-B85C-479C-BAA6-98FE12479D67}.Debug|Any CPU.ActiveCfg = Debug|Any CPU
		{8FD03ADA-B85C-479C-BAA6-98FE12479D67}.Debug|Any CPU.Build.0 = Debug|Any CPU
		{8FD03ADA-B85C-479C-BAA6-98FE12479D67}.Release|Any CPU.ActiveCfg = Release|Any CPU
		{8FD03ADA-B85C-479C-BAA6-98FE12479D67}.Release|Any CPU.Build.0 = Release|Any CPU
	EndGlobalSection
	GlobalSection(SolutionProperties) = preSolution
		HideSolutionNode = FALSE
	EndGlobalSection
	GlobalSection(ExtensibilityGlobals) = postSolution
		SolutionGuid = {99DE05B4-541A-43F3-B759-DA4EEBFD366C}
	EndGlobalSection
EndGlobal
