
Microsoft Visual Studio Solution File, Format Version 12.00
# Visual Studio 15
VisualStudioVersion = 15.0.27130.2003
MinimumVisualStudioVersion = 10.0.40219.1
Project("{FAE04EC0-301F-11D3-BF4B-00C04F79EFBC}") = "Star Enigma", "Star Enigma\Star Enigma.csproj", "{670ADDA2-C357-4528-B435-337B9A674E20}"
EndProject
Global
	GlobalSection(SolutionConfigurationPlatforms) = preSolution
		Debug|Any CPU = Debug|Any CPU
		Release|Any CPU = Release|Any CPU
	EndGlobalSection
	GlobalSection(ProjectConfigurationPlatforms) = postSolution
		{670ADDA2-C357-4528-B435-337B9A674E20}.Debug|Any CPU.ActiveCfg = Debug|Any CPU
		{670ADDA2-C357-4528-B435-337B9A674E20}.Debug|Any CPU.Build.0 = Debug|Any CPU
		{670ADDA2-C357-4528-B435-337B9A674E20}.Release|Any CPU.ActiveCfg = Release|Any CPU
		{670ADDA2-C357-4528-B435-337B9A674E20}.Release|Any CPU.Build.0 = Release|Any CPU
	EndGlobalSection
	GlobalSection(SolutionProperties) = preSolution
		HideSolutionNode = FALSE
	EndGlobalSection
	GlobalSection(ExtensibilityGlobals) = postSolution
		SolutionGuid = {047A79F1-6920-467F-BA6C-025A571C6448}
	EndGlobalSection
EndGlobal
