
Microsoft Visual Studio Solution File, Format Version 12.00
# Visual Studio 15
VisualStudioVersion = 15.0.27130.2003
MinimumVisualStudioVersion = 10.0.40219.1
Project("{FAE04EC0-301F-11D3-BF4B-00C04F79EFBC}") = "Common Elements", "Common Elements\Common Elements.csproj", "{2D33F507-31EC-4894-B34C-B1ECB1352CE2}"
EndProject
Global
	GlobalSection(SolutionConfigurationPlatforms) = preSolution
		Debug|Any CPU = Debug|Any CPU
		Release|Any CPU = Release|Any CPU
	EndGlobalSection
	GlobalSection(ProjectConfigurationPlatforms) = postSolution
		{2D33F507-31EC-4894-B34C-B1ECB1352CE2}.Debug|Any CPU.ActiveCfg = Debug|Any CPU
		{2D33F507-31EC-4894-B34C-B1ECB1352CE2}.Debug|Any CPU.Build.0 = Debug|Any CPU
		{2D33F507-31EC-4894-B34C-B1ECB1352CE2}.Release|Any CPU.ActiveCfg = Release|Any CPU
		{2D33F507-31EC-4894-B34C-B1ECB1352CE2}.Release|Any CPU.Build.0 = Release|Any CPU
	EndGlobalSection
	GlobalSection(SolutionProperties) = preSolution
		HideSolutionNode = FALSE
	EndGlobalSection
	GlobalSection(ExtensibilityGlobals) = postSolution
		SolutionGuid = {AA56B569-D1D3-47A7-83F1-8E54D68C9DE2}
	EndGlobalSection
EndGlobal
