
Microsoft Visual Studio Solution File, Format Version 12.00
# Visual Studio 15
VisualStudioVersion = 15.0.28010.2050
MinimumVisualStudioVersion = 10.0.40219.1
Project("{FAE04EC0-301F-11D3-BF4B-00C04F79EFBC}") = "Ascii Sumator", "Ascii Sumator\Ascii Sumator.csproj", "{2537770C-40FE-4EE5-957B-058584D8C581}"
EndProject
Global
	GlobalSection(SolutionConfigurationPlatforms) = preSolution
		Debug|Any CPU = Debug|Any CPU
		Release|Any CPU = Release|Any CPU
	EndGlobalSection
	GlobalSection(ProjectConfigurationPlatforms) = postSolution
		{2537770C-40FE-4EE5-957B-058584D8C581}.Debug|Any CPU.ActiveCfg = Debug|Any CPU
		{2537770C-40FE-4EE5-957B-058584D8C581}.Debug|Any CPU.Build.0 = Debug|Any CPU
		{2537770C-40FE-4EE5-957B-058584D8C581}.Release|Any CPU.ActiveCfg = Release|Any CPU
		{2537770C-40FE-4EE5-957B-058584D8C581}.Release|Any CPU.Build.0 = Release|Any CPU
	EndGlobalSection
	GlobalSection(SolutionProperties) = preSolution
		HideSolutionNode = FALSE
	EndGlobalSection
	GlobalSection(ExtensibilityGlobals) = postSolution
		SolutionGuid = {748573E7-8DB9-47DC-94FD-37E3747D9DAF}
	EndGlobalSection
EndGlobal
