
Microsoft Visual Studio Solution File, Format Version 12.00
# Visual Studio 15
VisualStudioVersion = 15.0.27130.2003
MinimumVisualStudioVersion = 10.0.40219.1
Project("{FAE04EC0-301F-11D3-BF4B-00C04F79EFBC}") = "Count Chars In A String", "Count Chars In A String\Count Chars In A String.csproj", "{85186488-C947-4A7A-86D3-26D5E4F4DDC8}"
EndProject
Global
	GlobalSection(SolutionConfigurationPlatforms) = preSolution
		Debug|Any CPU = Debug|Any CPU
		Release|Any CPU = Release|Any CPU
	EndGlobalSection
	GlobalSection(ProjectConfigurationPlatforms) = postSolution
		{85186488-C947-4A7A-86D3-26D5E4F4DDC8}.Debug|Any CPU.ActiveCfg = Debug|Any CPU
		{85186488-C947-4A7A-86D3-26D5E4F4DDC8}.Debug|Any CPU.Build.0 = Debug|Any CPU
		{85186488-C947-4A7A-86D3-26D5E4F4DDC8}.Release|Any CPU.ActiveCfg = Release|Any CPU
		{85186488-C947-4A7A-86D3-26D5E4F4DDC8}.Release|Any CPU.Build.0 = Release|Any CPU
	EndGlobalSection
	GlobalSection(SolutionProperties) = preSolution
		HideSolutionNode = FALSE
	EndGlobalSection
	GlobalSection(ExtensibilityGlobals) = postSolution
		SolutionGuid = {1CE5945A-FFC9-4B9B-9F9B-D42565E4775A}
	EndGlobalSection
EndGlobal
