
Microsoft Visual Studio Solution File, Format Version 12.00
# Visual Studio 15
VisualStudioVersion = 15.0.27130.2003
MinimumVisualStudioVersion = 10.0.40219.1
Project("{FAE04EC0-301F-11D3-BF4B-00C04F79EFBC}") = "Sum digits", "Sum digits\Sum digits.csproj", "{CBA3ADF1-1CBA-481B-BEF4-09C59B701115}"
EndProject
Global
	GlobalSection(SolutionConfigurationPlatforms) = preSolution
		Debug|Any CPU = Debug|Any CPU
		Release|Any CPU = Release|Any CPU
	EndGlobalSection
	GlobalSection(ProjectConfigurationPlatforms) = postSolution
		{CBA3ADF1-1CBA-481B-BEF4-09C59B701115}.Debug|Any CPU.ActiveCfg = Debug|Any CPU
		{CBA3ADF1-1CBA-481B-BEF4-09C59B701115}.Debug|Any CPU.Build.0 = Debug|Any CPU
		{CBA3ADF1-1CBA-481B-BEF4-09C59B701115}.Release|Any CPU.ActiveCfg = Release|Any CPU
		{CBA3ADF1-1CBA-481B-BEF4-09C59B701115}.Release|Any CPU.Build.0 = Release|Any CPU
	EndGlobalSection
	GlobalSection(SolutionProperties) = preSolution
		HideSolutionNode = FALSE
	EndGlobalSection
	GlobalSection(ExtensibilityGlobals) = postSolution
		SolutionGuid = {2AAABCA0-6BF9-4E3B-B698-5B1FA586BAEC}
	EndGlobalSection
EndGlobal
