
Microsoft Visual Studio Solution File, Format Version 12.00
# Visual Studio 15
VisualStudioVersion = 15.0.27130.2003
MinimumVisualStudioVersion = 10.0.40219.1
Project("{FAE04EC0-301F-11D3-BF4B-00C04F79EFBC}") = "Data types", "Data types\Data types.csproj", "{4BE979B1-14E1-4180-891E-396BCCE96688}"
EndProject
Global
	GlobalSection(SolutionConfigurationPlatforms) = preSolution
		Debug|Any CPU = Debug|Any CPU
		Release|Any CPU = Release|Any CPU
	EndGlobalSection
	GlobalSection(ProjectConfigurationPlatforms) = postSolution
		{4BE979B1-14E1-4180-891E-396BCCE96688}.Debug|Any CPU.ActiveCfg = Debug|Any CPU
		{4BE979B1-14E1-4180-891E-396BCCE96688}.Debug|Any CPU.Build.0 = Debug|Any CPU
		{4BE979B1-14E1-4180-891E-396BCCE96688}.Release|Any CPU.ActiveCfg = Release|Any CPU
		{4BE979B1-14E1-4180-891E-396BCCE96688}.Release|Any CPU.Build.0 = Release|Any CPU
	EndGlobalSection
	GlobalSection(SolutionProperties) = preSolution
		HideSolutionNode = FALSE
	EndGlobalSection
	GlobalSection(ExtensibilityGlobals) = postSolution
		SolutionGuid = {95695B7F-44A0-408A-97D2-9D17042C6056}
	EndGlobalSection
EndGlobal
