
Microsoft Visual Studio Solution File, Format Version 12.00
# Visual Studio 15
VisualStudioVersion = 15.0.27130.2003
MinimumVisualStudioVersion = 10.0.40219.1
Project("{FAE04EC0-301F-11D3-BF4B-00C04F79EFBC}") = "Softuni Parking", "Softuni Parking\Softuni Parking.csproj", "{01889013-60D5-4569-A378-E5FD09E66AB7}"
EndProject
Global
	GlobalSection(SolutionConfigurationPlatforms) = preSolution
		Debug|Any CPU = Debug|Any CPU
		Release|Any CPU = Release|Any CPU
	EndGlobalSection
	GlobalSection(ProjectConfigurationPlatforms) = postSolution
		{01889013-60D5-4569-A378-E5FD09E66AB7}.Debug|Any CPU.ActiveCfg = Debug|Any CPU
		{01889013-60D5-4569-A378-E5FD09E66AB7}.Debug|Any CPU.Build.0 = Debug|Any CPU
		{01889013-60D5-4569-A378-E5FD09E66AB7}.Release|Any CPU.ActiveCfg = Release|Any CPU
		{01889013-60D5-4569-A378-E5FD09E66AB7}.Release|Any CPU.Build.0 = Release|Any CPU
	EndGlobalSection
	GlobalSection(SolutionProperties) = preSolution
		HideSolutionNode = FALSE
	EndGlobalSection
	GlobalSection(ExtensibilityGlobals) = postSolution
		SolutionGuid = {35D79454-012F-4607-BDD8-DB7190D6EEEF}
	EndGlobalSection
EndGlobal
