
Microsoft Visual Studio Solution File, Format Version 12.00
# Visual Studio 15
VisualStudioVersion = 15.0.27130.2003
MinimumVisualStudioVersion = 10.0.40219.1
Project("{FAE04EC0-301F-11D3-BF4B-00C04F79EFBC}") = "Caesar Cipher", "Caesar Cipher\Caesar Cipher.csproj", "{FC7328CC-F1E2-4705-82A7-4DD482D4CE19}"
EndProject
Global
	GlobalSection(SolutionConfigurationPlatforms) = preSolution
		Debug|Any CPU = Debug|Any CPU
		Release|Any CPU = Release|Any CPU
	EndGlobalSection
	GlobalSection(ProjectConfigurationPlatforms) = postSolution
		{FC7328CC-F1E2-4705-82A7-4DD482D4CE19}.Debug|Any CPU.ActiveCfg = Debug|Any CPU
		{FC7328CC-F1E2-4705-82A7-4DD482D4CE19}.Debug|Any CPU.Build.0 = Debug|Any CPU
		{FC7328CC-F1E2-4705-82A7-4DD482D4CE19}.Release|Any CPU.ActiveCfg = Release|Any CPU
		{FC7328CC-F1E2-4705-82A7-4DD482D4CE19}.Release|Any CPU.Build.0 = Release|Any CPU
	EndGlobalSection
	GlobalSection(SolutionProperties) = preSolution
		HideSolutionNode = FALSE
	EndGlobalSection
	GlobalSection(ExtensibilityGlobals) = postSolution
		SolutionGuid = {7E041FA8-F3FD-4D35-B8F9-8D8714CB243F}
	EndGlobalSection
EndGlobal
