
Microsoft Visual Studio Solution File, Format Version 12.00
# Visual Studio 15
VisualStudioVersion = 15.0.27130.2003
MinimumVisualStudioVersion = 10.0.40219.1
Project("{FAE04EC0-301F-11D3-BF4B-00C04F79EFBC}") = "Combine Chars", "Combine Chars\Combine Chars.csproj", "{0F27C473-C53F-4ECA-8B91-A5AC59760914}"
EndProject
Global
	GlobalSection(SolutionConfigurationPlatforms) = preSolution
		Debug|Any CPU = Debug|Any CPU
		Release|Any CPU = Release|Any CPU
	EndGlobalSection
	GlobalSection(ProjectConfigurationPlatforms) = postSolution
		{0F27C473-C53F-4ECA-8B91-A5AC59760914}.Debug|Any CPU.ActiveCfg = Debug|Any CPU
		{0F27C473-C53F-4ECA-8B91-A5AC59760914}.Debug|Any CPU.Build.0 = Debug|Any CPU
		{0F27C473-C53F-4ECA-8B91-A5AC59760914}.Release|Any CPU.ActiveCfg = Release|Any CPU
		{0F27C473-C53F-4ECA-8B91-A5AC59760914}.Release|Any CPU.Build.0 = Release|Any CPU
	EndGlobalSection
	GlobalSection(SolutionProperties) = preSolution
		HideSolutionNode = FALSE
	EndGlobalSection
	GlobalSection(ExtensibilityGlobals) = postSolution
		SolutionGuid = {92059BF5-579C-43BC-AA16-04CA7AFEC314}
	EndGlobalSection
EndGlobal
