
Microsoft Visual Studio Solution File, Format Version 12.00
# Visual Studio 15
VisualStudioVersion = 15.0.27130.2003
MinimumVisualStudioVersion = 10.0.40219.1
Project("{FAE04EC0-301F-11D3-BF4B-00C04F79EFBC}") = "Rage Expenses", "Rage Expenses\Rage Expenses.csproj", "{B0AAEC91-CA4B-454B-9A32-E6622FB4355F}"
EndProject
Global
	GlobalSection(SolutionConfigurationPlatforms) = preSolution
		Debug|Any CPU = Debug|Any CPU
		Release|Any CPU = Release|Any CPU
	EndGlobalSection
	GlobalSection(ProjectConfigurationPlatforms) = postSolution
		{B0AAEC91-CA4B-454B-9A32-E6622FB4355F}.Debug|Any CPU.ActiveCfg = Debug|Any CPU
		{B0AAEC91-CA4B-454B-9A32-E6622FB4355F}.Debug|Any CPU.Build.0 = Debug|Any CPU
		{B0AAEC91-CA4B-454B-9A32-E6622FB4355F}.Release|Any CPU.ActiveCfg = Release|Any CPU
		{B0AAEC91-CA4B-454B-9A32-E6622FB4355F}.Release|Any CPU.Build.0 = Release|Any CPU
	EndGlobalSection
	GlobalSection(SolutionProperties) = preSolution
		HideSolutionNode = FALSE
	EndGlobalSection
	GlobalSection(ExtensibilityGlobals) = postSolution
		SolutionGuid = {F26882E1-5C66-4B45-964D-B761C0CD29DD}
	EndGlobalSection
EndGlobal
