
Microsoft Visual Studio Solution File, Format Version 12.00
# Visual Studio 15
VisualStudioVersion = 15.0.27130.2003
MinimumVisualStudioVersion = 10.0.40219.1
Project("{FAE04EC0-301F-11D3-BF4B-00C04F79EFBC}") = "Anonimous threat", "Anonimous threat\Anonimous threat.csproj", "{D697953F-35B4-4AEA-A728-381294FC50EF}"
EndProject
Global
	GlobalSection(SolutionConfigurationPlatforms) = preSolution
		Debug|Any CPU = Debug|Any CPU
		Release|Any CPU = Release|Any CPU
	EndGlobalSection
	GlobalSection(ProjectConfigurationPlatforms) = postSolution
		{D697953F-35B4-4AEA-A728-381294FC50EF}.Debug|Any CPU.ActiveCfg = Debug|Any CPU
		{D697953F-35B4-4AEA-A728-381294FC50EF}.Debug|Any CPU.Build.0 = Debug|Any CPU
		{D697953F-35B4-4AEA-A728-381294FC50EF}.Release|Any CPU.ActiveCfg = Release|Any CPU
		{D697953F-35B4-4AEA-A728-381294FC50EF}.Release|Any CPU.Build.0 = Release|Any CPU
	EndGlobalSection
	GlobalSection(SolutionProperties) = preSolution
		HideSolutionNode = FALSE
	EndGlobalSection
	GlobalSection(ExtensibilityGlobals) = postSolution
		SolutionGuid = {F7EDF684-E42A-455C-B05B-4EDEA18DE15B}
	EndGlobalSection
EndGlobal
