
Microsoft Visual Studio Solution File, Format Version 12.00
# Visual Studio 15
VisualStudioVersion = 15.0.27130.2003
MinimumVisualStudioVersion = 10.0.40219.1
Project("{FAE04EC0-301F-11D3-BF4B-00C04F79EFBC}") = "Multiply evens by odds", "Multiply evens by odds\Multiply evens by odds.csproj", "{23AD3A0B-C22E-49B2-9433-F5F19148C3EB}"
EndProject
Global
	GlobalSection(SolutionConfigurationPlatforms) = preSolution
		Debug|Any CPU = Debug|Any CPU
		Release|Any CPU = Release|Any CPU
	EndGlobalSection
	GlobalSection(ProjectConfigurationPlatforms) = postSolution
		{23AD3A0B-C22E-49B2-9433-F5F19148C3EB}.Debug|Any CPU.ActiveCfg = Debug|Any CPU
		{23AD3A0B-C22E-49B2-9433-F5F19148C3EB}.Debug|Any CPU.Build.0 = Debug|Any CPU
		{23AD3A0B-C22E-49B2-9433-F5F19148C3EB}.Release|Any CPU.ActiveCfg = Release|Any CPU
		{23AD3A0B-C22E-49B2-9433-F5F19148C3EB}.Release|Any CPU.Build.0 = Release|Any CPU
	EndGlobalSection
	GlobalSection(SolutionProperties) = preSolution
		HideSolutionNode = FALSE
	EndGlobalSection
	GlobalSection(ExtensibilityGlobals) = postSolution
		SolutionGuid = {614C3526-FD24-4B89-AAF9-CAC78BAEE410}
	EndGlobalSection
EndGlobal
