
Microsoft Visual Studio Solution File, Format Version 12.00
# Visual Studio 15
VisualStudioVersion = 15.0.27130.2003
MinimumVisualStudioVersion = 10.0.40219.1
Project("{FAE04EC0-301F-11D3-BF4B-00C04F79EFBC}") = "Max sequens of equal elements", "Max sequens of equal elements\Max sequens of equal elements.csproj", "{784D3F2D-643A-435F-A82F-5D2580C1CEBD}"
EndProject
Global
	GlobalSection(SolutionConfigurationPlatforms) = preSolution
		Debug|Any CPU = Debug|Any CPU
		Release|Any CPU = Release|Any CPU
	EndGlobalSection
	GlobalSection(ProjectConfigurationPlatforms) = postSolution
		{784D3F2D-643A-435F-A82F-5D2580C1CEBD}.Debug|Any CPU.ActiveCfg = Debug|Any CPU
		{784D3F2D-643A-435F-A82F-5D2580C1CEBD}.Debug|Any CPU.Build.0 = Debug|Any CPU
		{784D3F2D-643A-435F-A82F-5D2580C1CEBD}.Release|Any CPU.ActiveCfg = Release|Any CPU
		{784D3F2D-643A-435F-A82F-5D2580C1CEBD}.Release|Any CPU.Build.0 = Release|Any CPU
	EndGlobalSection
	GlobalSection(SolutionProperties) = preSolution
		HideSolutionNode = FALSE
	EndGlobalSection
	GlobalSection(ExtensibilityGlobals) = postSolution
		SolutionGuid = {4DA10824-B882-49CB-A711-5FBFE10231D6}
	EndGlobalSection
EndGlobal
