
Microsoft Visual Studio Solution File, Format Version 12.00
# Visual Studio 15
VisualStudioVersion = 15.0.27130.2003
MinimumVisualStudioVersion = 10.0.40219.1
Project("{FAE04EC0-301F-11D3-BF4B-00C04F79EFBC}") = "Rounding numbers", "Rounding numbers\Rounding numbers.csproj", "{6C3A2DB1-275D-493F-8596-2F453AC12F4F}"
EndProject
Global
	GlobalSection(SolutionConfigurationPlatforms) = preSolution
		Debug|Any CPU = Debug|Any CPU
		Release|Any CPU = Release|Any CPU
	EndGlobalSection
	GlobalSection(ProjectConfigurationPlatforms) = postSolution
		{6C3A2DB1-275D-493F-8596-2F453AC12F4F}.Debug|Any CPU.ActiveCfg = Debug|Any CPU
		{6C3A2DB1-275D-493F-8596-2F453AC12F4F}.Debug|Any CPU.Build.0 = Debug|Any CPU
		{6C3A2DB1-275D-493F-8596-2F453AC12F4F}.Release|Any CPU.ActiveCfg = Release|Any CPU
		{6C3A2DB1-275D-493F-8596-2F453AC12F4F}.Release|Any CPU.Build.0 = Release|Any CPU
	EndGlobalSection
	GlobalSection(SolutionProperties) = preSolution
		HideSolutionNode = FALSE
	EndGlobalSection
	GlobalSection(ExtensibilityGlobals) = postSolution
		SolutionGuid = {FAC4DD12-5BBF-492A-86F0-9A8013FC35FA}
	EndGlobalSection
EndGlobal
