
Microsoft Visual Studio Solution File, Format Version 12.00
# Visual Studio 15
VisualStudioVersion = 15.0.27130.2003
MinimumVisualStudioVersion = 10.0.40219.1
Project("{FAE04EC0-301F-11D3-BF4B-00C04F79EFBC}") = "Top integers", "Top integers\Top integers.csproj", "{641C0EFE-21B4-42A4-978A-BE6B97EA34D1}"
EndProject
Global
	GlobalSection(SolutionConfigurationPlatforms) = preSolution
		Debug|Any CPU = Debug|Any CPU
		Release|Any CPU = Release|Any CPU
	EndGlobalSection
	GlobalSection(ProjectConfigurationPlatforms) = postSolution
		{641C0EFE-21B4-42A4-978A-BE6B97EA34D1}.Debug|Any CPU.ActiveCfg = Debug|Any CPU
		{641C0EFE-21B4-42A4-978A-BE6B97EA34D1}.Debug|Any CPU.Build.0 = Debug|Any CPU
		{641C0EFE-21B4-42A4-978A-BE6B97EA34D1}.Release|Any CPU.ActiveCfg = Release|Any CPU
		{641C0EFE-21B4-42A4-978A-BE6B97EA34D1}.Release|Any CPU.Build.0 = Release|Any CPU
	EndGlobalSection
	GlobalSection(SolutionProperties) = preSolution
		HideSolutionNode = FALSE
	EndGlobalSection
	GlobalSection(ExtensibilityGlobals) = postSolution
		SolutionGuid = {B6F1ABE3-518A-461C-B43F-C08EF8D7D482}
	EndGlobalSection
EndGlobal
