
Microsoft Visual Studio Solution File, Format Version 12.00
# Visual Studio 15
VisualStudioVersion = 15.0.27130.2003
MinimumVisualStudioVersion = 10.0.40219.1
Project("{FAE04EC0-301F-11D3-BF4B-00C04F79EFBC}") = "Present Delivery 1", "Present Delivery 1\Present Delivery 1.csproj", "{E83CE53C-DE55-469A-946E-3B1450533EF7}"
EndProject
Global
	GlobalSection(SolutionConfigurationPlatforms) = preSolution
		Debug|Any CPU = Debug|Any CPU
		Release|Any CPU = Release|Any CPU
	EndGlobalSection
	GlobalSection(ProjectConfigurationPlatforms) = postSolution
		{E83CE53C-DE55-469A-946E-3B1450533EF7}.Debug|Any CPU.ActiveCfg = Debug|Any CPU
		{E83CE53C-DE55-469A-946E-3B1450533EF7}.Debug|Any CPU.Build.0 = Debug|Any CPU
		{E83CE53C-DE55-469A-946E-3B1450533EF7}.Release|Any CPU.ActiveCfg = Release|Any CPU
		{E83CE53C-DE55-469A-946E-3B1450533EF7}.Release|Any CPU.Build.0 = Release|Any CPU
	EndGlobalSection
	GlobalSection(SolutionProperties) = preSolution
		HideSolutionNode = FALSE
	EndGlobalSection
	GlobalSection(ExtensibilityGlobals) = postSolution
		SolutionGuid = {FEFD693E-F7D8-40F9-AC28-A8A637D44020}
	EndGlobalSection
EndGlobal
